
Microsoft Visual Studio Solution File, Format Version 12.00
# Visual Studio Version 17
VisualStudioVersion = 17.8.34330.188
MinimumVisualStudioVersion = 10.0.40219.1
Project("{FAE04EC0-301F-11D3-BF4B-00C04F79EFBC}") = "Lab3 part 2", "Lab3 part 2\Lab3 part 2.csproj", "{4F2C5F2B-6C07-413C-B2BC-BCDAF2118134}"
EndProject
Global
	GlobalSection(SolutionConfigurationPlatforms) = preSolution
		Debug|Any CPU = Debug|Any CPU
		Release|Any CPU = Release|Any CPU
	EndGlobalSection
	GlobalSection(ProjectConfigurationPlatforms) = postSolution
		{4F2C5F2B-6C07-413C-B2BC-BCDAF2118134}.Debug|Any CPU.ActiveCfg = Debug|Any CPU
		{4F2C5F2B-6C07-413C-B2BC-BCDAF2118134}.Debug|Any CPU.Build.0 = Debug|Any CPU
		{4F2C5F2B-6C07-413C-B2BC-BCDAF2118134}.Release|Any CPU.ActiveCfg = Release|Any CPU
		{4F2C5F2B-6C07-413C-B2BC-BCDAF2118134}.Release|Any CPU.Build.0 = Release|Any CPU
	EndGlobalSection
	GlobalSection(SolutionProperties) = preSolution
		HideSolutionNode = FALSE
	EndGlobalSection
	GlobalSection(ExtensibilityGlobals) = postSolution
		SolutionGuid = {473A2059-7A59-431C-9ED6-3D296CAB32E9}
	EndGlobalSection
EndGlobal
